
Microsoft Visual Studio Solution File, Format Version 12.00
# Visual Studio 15
VisualStudioVersion = 15.0.27130.2036
MinimumVisualStudioVersion = 10.0.40219.1
Project("{FAE04EC0-301F-11D3-BF4B-00C04F79EFBC}") = "UITests", "UITests\UITests.csproj", "{24CB09A8-31D3-4BC5-AD38-343F4D07C511}"
EndProject
Global
	GlobalSection(SolutionConfigurationPlatforms) = preSolution
		Debug|Any CPU = Debug|Any CPU
		Release|Any CPU = Release|Any CPU
	EndGlobalSection
	GlobalSection(ProjectConfigurationPlatforms) = postSolution
		{24CB09A8-31D3-4BC5-AD38-343F4D07C511}.Debug|Any CPU.ActiveCfg = Debug|Any CPU
		{24CB09A8-31D3-4BC5-AD38-343F4D07C511}.Debug|Any CPU.Build.0 = Debug|Any CPU
		{24CB09A8-31D3-4BC5-AD38-343F4D07C511}.Release|Any CPU.ActiveCfg = Release|Any CPU
		{24CB09A8-31D3-4BC5-AD38-343F4D07C511}.Release|Any CPU.Build.0 = Release|Any CPU
	EndGlobalSection
	GlobalSection(SolutionProperties) = preSolution
		HideSolutionNode = FALSE
	EndGlobalSection
	GlobalSection(ExtensibilityGlobals) = postSolution
		SolutionGuid = {8ADF3BFF-68D8-442D-BE5C-7C4496ED4955}
	EndGlobalSection
EndGlobal
